
Microsoft Visual Studio Solution File, Format Version 12.00
# Visual Studio Version 16
VisualStudioVersion = 16.0.31702.278
MinimumVisualStudioVersion = 10.0.40219.1
Project("{FAE04EC0-301F-11D3-BF4B-00C04F79EFBC}") = "RoR2DPSCalculator", "RoR2DPSCalculator\RoR2DPSCalculator.csproj", "{1909D3C4-CFE0-4353-BE4C-26FA999553D1}"
EndProject
Global
	GlobalSection(SolutionConfigurationPlatforms) = preSolution
		Debug|Any CPU = Debug|Any CPU
		Release|Any CPU = Release|Any CPU
	EndGlobalSection
	GlobalSection(ProjectConfigurationPlatforms) = postSolution
		{1909D3C4-CFE0-4353-BE4C-26FA999553D1}.Debug|Any CPU.ActiveCfg = Debug|Any CPU
		{1909D3C4-CFE0-4353-BE4C-26FA999553D1}.Debug|Any CPU.Build.0 = Debug|Any CPU
		{1909D3C4-CFE0-4353-BE4C-26FA999553D1}.Release|Any CPU.ActiveCfg = Release|Any CPU
		{1909D3C4-CFE0-4353-BE4C-26FA999553D1}.Release|Any CPU.Build.0 = Release|Any CPU
	EndGlobalSection
	GlobalSection(SolutionProperties) = preSolution
		HideSolutionNode = FALSE
	EndGlobalSection
	GlobalSection(ExtensibilityGlobals) = postSolution
		SolutionGuid = {A035CC37-6487-46AD-9A6B-A8701281B7EA}
	EndGlobalSection
EndGlobal
